dependencies:
  esp-face:
    component_hash: null
    source:
      path: F:\project\esp32_project\esp32-cam\components\esp-face
      type: local
    version: '*'
  esp-sr:
    component_hash: null
    source:
      path: F:\project\esp32_project\esp32-cam\components\esp-sr
      type: local
    version: '*'
  espressif/esp32-camera:
    component_hash: null
    source:
      path: F:\project\esp32_project\esp32-cam\components\esp32-camera
      type: local
    version: '*'
  espressif/mdns:
    component_hash: 31117d76cae83a6d83ffd7f035f6fdae5bd05b914fc30b641afeb208b84de19a
    source:
      storage_url: file:///D:/Programs/esp/Espressif/registry
      type: service
    version: 1.3.2
  fb_gfx:
    component_hash: null
    source:
      path: F:\project\esp32_project\esp32-cam\components\fb_gfx
      type: local
    version: '*'
  idf:
    component_hash: null
    source:
      type: idf
    version: 5.2.2
manifest_hash: aac7c1769b6415ad844a3c39dbf397483d4e9cf7257efaf74ed867ebc6ae36a9
target: esp32
version: 1.0.0
